PODS:
  - Alamofire (4.4.0)

DEPENDENCIES:
  - Alamofire (from `https://github.com/Alamofire/Alamofire.git`)

EXTERNAL SOURCES:
  Alamofire:
    :git: https://github.com/Alamofire/Alamofire.git

CHECKOUT OPTIONS:
  Alamofire:
    :commit: c8700ac7ea6b7efa7200e2920bf528e88b4dbee6
    :git: https://github.com/Alamofire/Alamofire.git

SPEC CHECKSUMS:
  Alamofire: 4c2bf7fa03c4a626163606de0a417568c270575e

PODFILE CHECKSUM: cb9ed083d9423675c16c4753845dda1ba9abbedb

COCOAPODS: 1.2.1
